
Microsoft Visual Studio Solution File, Format Version 12.00
# Visual Studio 15
VisualStudioVersion = 15.0.27130.2010
MinimumVisualStudioVersion = 10.0.40219.1
Project("{FAE04EC0-301F-11D3-BF4B-00C04F79EFBC}") = "MaterialFramework.AppBase", "MaterialFramework.AppBase\MaterialFramework.AppBase.csproj", "{116F412D-4BF1-41B8-918B-8AEBD5BCD194}"
EndProject
Project("{FAE04EC0-301F-11D3-BF4B-00C04F79EFBC}") = "MaterialFramework.AppConfig", "MaterialFramework.AppConfig\MaterialFramework.AppConfig.csproj", "{944F7E70-AEC4-4853-ADB1-A9332EC9676C}"
EndProject
Project("{FAE04EC0-301F-11D3-BF4B-00C04F79EFBC}") = "MaterialFramework.BLL", "MaterialFramework.BLL\MaterialFramework.BLL.csproj", "{20748B52-179D-4D4B-A78C-4FE2AAAAFF47}"
EndProject
Project("{FAE04EC0-301F-11D3-BF4B-00C04F79EFBC}") = "MaterialFramework.Controllers", "MaterialFramework.Controllers\MaterialFramework.Controllers.csproj", "{096B6634-F37F-4D05-AD56-741D17E1EC4A}"
EndProject
Project("{FAE04EC0-301F-11D3-BF4B-00C04F79EFBC}") = "MaterialFramework.DAL", "MaterialFramework.DAL\MaterialFramework.DAL.csproj", "{FA5711CA-28D6-466F-939B-A47B76E41C8E}"
EndProject
Project("{FAE04EC0-301F-11D3-BF4B-00C04F79EFBC}") = "MaterialFramework.Helpers", "MaterialFramework.Helpers\MaterialFramework.Helpers.csproj", "{DBD9FA7E-16D7-4013-94D7-EA00094ABE94}"
EndProject
Project("{FAE04EC0-301F-11D3-BF4B-00C04F79EFBC}") = "MaterialFramework.Model", "MaterialFramework.Model\MaterialFramework.Model.csproj", "{A712414B-A079-44A0-8489-CDC5EED7B0EB}"
EndProject
Project("{FAE04EC0-301F-11D3-BF4B-00C04F79EFBC}") = "MaterialFramework.Web", "MaterialFramework.Web\MaterialFramework.Web.csproj", "{A39A7C76-CD9F-4FF8-A272-494188825359}"
EndProject
Global
	GlobalSection(SolutionConfigurationPlatforms) = preSolution
		Debug|Any CPU = Debug|Any CPU
		Release|Any CPU = Release|Any CPU
	EndGlobalSection
	GlobalSection(ProjectConfigurationPlatforms) = postSolution
		{116F412D-4BF1-41B8-918B-8AEBD5BCD194}.Debug|Any CPU.ActiveCfg = Debug|Any CPU
		{116F412D-4BF1-41B8-918B-8AEBD5BCD194}.Debug|Any CPU.Build.0 = Debug|Any CPU
		{116F412D-4BF1-41B8-918B-8AEBD5BCD194}.Release|Any CPU.ActiveCfg = Release|Any CPU
		{116F412D-4BF1-41B8-918B-8AEBD5BCD194}.Release|Any CPU.Build.0 = Release|Any CPU
		{944F7E70-AEC4-4853-ADB1-A9332EC9676C}.Debug|Any CPU.ActiveCfg = Debug|Any CPU
		{944F7E70-AEC4-4853-ADB1-A9332EC9676C}.Debug|Any CPU.Build.0 = Debug|Any CPU
		{944F7E70-AEC4-4853-ADB1-A9332EC9676C}.Release|Any CPU.ActiveCfg = Release|Any CPU
		{944F7E70-AEC4-4853-ADB1-A9332EC9676C}.Release|Any CPU.Build.0 = Release|Any CPU
		{20748B52-179D-4D4B-A78C-4FE2AAAAFF47}.Debug|Any CPU.ActiveCfg = Debug|Any CPU
		{20748B52-179D-4D4B-A78C-4FE2AAAAFF47}.Debug|Any CPU.Build.0 = Debug|Any CPU
		{20748B52-179D-4D4B-A78C-4FE2AAAAFF47}.Release|Any CPU.ActiveCfg = Release|Any CPU
		{20748B52-179D-4D4B-A78C-4FE2AAAAFF47}.Release|Any CPU.Build.0 = Release|Any CPU
		{096B6634-F37F-4D05-AD56-741D17E1EC4A}.Debug|Any CPU.ActiveCfg = Debug|Any CPU
		{096B6634-F37F-4D05-AD56-741D17E1EC4A}.Debug|Any CPU.Build.0 = Debug|Any CPU
		{096B6634-F37F-4D05-AD56-741D17E1EC4A}.Release|Any CPU.ActiveCfg = Release|Any CPU
		{096B6634-F37F-4D05-AD56-741D17E1EC4A}.Release|Any CPU.Build.0 = Release|Any CPU
		{FA5711CA-28D6-466F-939B-A47B76E41C8E}.Debug|Any CPU.ActiveCfg = Debug|Any CPU
		{FA5711CA-28D6-466F-939B-A47B76E41C8E}.Debug|Any CPU.Build.0 = Debug|Any CPU
		{FA5711CA-28D6-466F-939B-A47B76E41C8E}.Release|Any CPU.ActiveCfg = Release|Any CPU
		{FA5711CA-28D6-466F-939B-A47B76E41C8E}.Release|Any CPU.Build.0 = Release|Any CPU
		{DBD9FA7E-16D7-4013-94D7-EA00094ABE94}.Debug|Any CPU.ActiveCfg = Debug|Any CPU
		{DBD9FA7E-16D7-4013-94D7-EA00094ABE94}.Debug|Any CPU.Build.0 = Debug|Any CPU
		{DBD9FA7E-16D7-4013-94D7-EA00094ABE94}.Release|Any CPU.ActiveCfg = Release|Any CPU
		{DBD9FA7E-16D7-4013-94D7-EA00094ABE94}.Release|Any CPU.Build.0 = Release|Any CPU
		{A712414B-A079-44A0-8489-CDC5EED7B0EB}.Debug|Any CPU.ActiveCfg = Debug|Any CPU
		{A712414B-A079-44A0-8489-CDC5EED7B0EB}.Debug|Any CPU.Build.0 = Debug|Any CPU
		{A712414B-A079-44A0-8489-CDC5EED7B0EB}.Release|Any CPU.ActiveCfg = Release|Any CPU
		{A712414B-A079-44A0-8489-CDC5EED7B0EB}.Release|Any CPU.Build.0 = Release|Any CPU
		{A39A7C76-CD9F-4FF8-A272-494188825359}.Debug|Any CPU.ActiveCfg = Debug|Any CPU
		{A39A7C76-CD9F-4FF8-A272-494188825359}.Debug|Any CPU.Build.0 = Debug|Any CPU
		{A39A7C76-CD9F-4FF8-A272-494188825359}.Release|Any CPU.ActiveCfg = Release|Any CPU
		{A39A7C76-CD9F-4FF8-A272-494188825359}.Release|Any CPU.Build.0 = Release|Any CPU
	EndGlobalSection
	GlobalSection(SolutionProperties) = preSolution
		HideSolutionNode = FALSE
	EndGlobalSection
	GlobalSection(ExtensibilityGlobals) = postSolution
		SolutionGuid = {57746EB9-0503-40F8-85BD-7EC9E4AC5F5B}
	EndGlobalSection
EndGlobal
