{
  "requires": true,
  "lockfileVersion": 1,
  "dependencies": {
    "@material/animation": {
      "version": "0.25.0",
      "resolved": "http://registry.npm.taobao.org/@material/animation/download/@material/animation-0.25.0.tgz",
      "integrity": "sha1-slKsPQtijnmnnwxAbXRw+1Y1KoA="
    },
    "@material/auto-init": {
      "version": "0.32.0",
      "resolved": "http://registry.npm.taobao.org/@material/auto-init/download/@material/auto-init-0.32.0.tgz",
      "integrity": "sha1-rZrEWfmuaOk368Zid4wtqwtn0tY="
    },
    "@material/base": {
      "version": "0.29.0",
      "resolved": "http://registry.npm.taobao.org/@material/base/download/@material/base-0.29.0.tgz",
      "integrity": "sha1-X6yUxFkH44yWkTDpWXIiiNTOBrI="
    },
    "@material/button": {
      "version": "0.33.0",
      "resolved": "http://registry.npm.taobao.org/@material/button/download/@material/button-0.33.0.tgz",
      "integrity": "sha1-TYmmWrSc5HY1wPiGoXmb/mAFYV0=",
      "requires": {
        "@material/elevation": "0.28.0",
        "@material/ripple": "0.33.0",
        "@material/rtl": "0.33.0",
        "@material/theme": "0.33.0",
        "@material/typography": "0.28.0"
      }
    },
    "@material/card": {
      "version": "0.33.0",
      "resolved": "http://registry.npm.taobao.org/@material/card/download/@material/card-0.33.0.tgz",
      "integrity": "sha1-vs0yqutsn/u7H+PwGD9gpQPF0lo=",
      "requires": {
        "@material/elevation": "0.28.0",
        "@material/ripple": "0.33.0",
        "@material/rtl": "0.33.0",
        "@material/theme": "0.33.0"
      }
    },
    "@material/checkbox": {
      "version": "0.33.0",
      "resolved": "http://registry.npm.taobao.org/@material/checkbox/download/@material/checkbox-0.33.0.tgz",
      "integrity": "sha1-DN+dJhwM1JOj2s6zGkds9iufI7I=",
      "requires": {
        "@material/animation": "0.25.0",
        "@material/base": "0.29.0",
        "@material/ripple": "0.33.0",
        "@material/rtl": "0.33.0",
        "@material/selection-control": "0.33.0",
        "@material/theme": "0.33.0"
      }
    },
    "@material/chips": {
      "version": "0.33.0",
      "resolved": "http://registry.npm.taobao.org/@material/chips/download/@material/chips-0.33.0.tgz",
      "integrity": "sha1-bRFiseEyPEdjIdytagxKamG+Lh0=",
      "requires": {
        "@material/animation": "0.25.0",
        "@material/base": "0.29.0",
        "@material/checkbox": "0.33.0",
        "@material/ripple": "0.33.0"
      }
    },
    "@material/dialog": {
      "version": "0.33.0",
      "resolved": "http://registry.npm.taobao.org/@material/dialog/download/@material/dialog-0.33.0.tgz",
      "integrity": "sha1-mtAHD/3gqYiArWKyXAUxlUlpekg=",
      "requires": {
        "@material/animation": "0.25.0",
        "@material/base": "0.29.0",
        "@material/elevation": "0.28.0",
        "@material/ripple": "0.33.0",
        "@material/rtl": "0.33.0",
        "@material/theme": "0.33.0",
        "@material/typography": "0.1.1",
        "focus-trap": "2.4.3"
      },
      "dependencies": {
        "@material/typography": {
          "version": "0.1.1",
          "resolved": "http://registry.npm.taobao.org/@material/typography/download/@material/typography-0.1.1.tgz",
          "integrity": "sha1-+y40N70yhNOen7kUhXZ63msr0ME="
        }
      }
    },
    "@material/drawer": {
      "version": "0.33.0",
      "resolved": "http://registry.npm.taobao.org/@material/drawer/download/@material/drawer-0.33.0.tgz",
      "integrity": "sha1-bezMe4bLKCJElgjLZt8Fq1hPRCY=",
      "requires": {
        "@material/animation": "0.25.0",
        "@material/base": "0.29.0",
        "@material/elevation": "0.28.0",
        "@material/rtl": "0.33.0",
        "@material/theme": "0.33.0",
        "@material/typography": "0.28.0"
      }
    },
    "@material/elevation": {
      "version": "0.28.0",
      "resolved": "http://registry.npm.taobao.org/@material/elevation/download/@material/elevation-0.28.0.tgz",
      "integrity": "sha1-eNOlUbeBANWIxFdgBzPuHG/QRQE=",
      "requires": {
        "@material/animation": "0.25.0",
        "@material/theme": "0.4.0"
      },
      "dependencies": {
        "@material/theme": {
          "version": "0.4.0",
          "resolved": "http://registry.npm.taobao.org/@material/theme/download/@material/theme-0.4.0.tgz",
          "integrity": "sha1-Cu8aAnm2XBWZBYT7i47KCVxzRkE="
        }
      }
    },
    "@material/fab": {
      "version": "0.33.0",
      "resolved": "http://registry.npm.taobao.org/@material/fab/download/@material/fab-0.33.0.tgz",
      "integrity": "sha1-qfCJ74lQQ5Z41kc4sJsYHSWo6Yk=",
      "requires": {
        "@material/animation": "0.25.0",
        "@material/elevation": "0.28.0",
        "@material/ripple": "0.33.0",
        "@material/theme": "0.33.0"
      }
    },
    "@material/floating-label": {
      "version": "0.33.0",
      "resolved": "http://registry.npm.taobao.org/@material/floating-label/download/@material/floating-label-0.33.0.tgz",
      "integrity": "sha1-Sktf1aFcm71+LkFC12MLSL2AEtA=",
      "requires": {
        "@material/base": "0.29.0",
        "@material/rtl": "0.33.0",
        "@material/theme": "0.33.0"
      }
    },
    "@material/form-field": {
      "version": "0.33.0",
      "resolved": "http://registry.npm.taobao.org/@material/form-field/download/@material/form-field-0.33.0.tgz",
      "integrity": "sha1-W9LFWsZWaR+qUffG+IKWay53IME=",
      "requires": {
        "@material/base": "0.29.0",
        "@material/rtl": "0.33.0",
        "@material/selection-control": "0.33.0",
        "@material/theme": "0.33.0",
        "@material/typography": "0.28.0"
      }
    },
    "@material/grid-list": {
      "version": "0.33.0",
      "resolved": "http://registry.npm.taobao.org/@material/grid-list/download/@material/grid-list-0.33.0.tgz",
      "integrity": "sha1-+9ElllUO2ijVxGC0AUoBn9lAbYE=",
      "requires": {
        "@material/base": "0.29.0",
        "@material/rtl": "0.33.0",
        "@material/theme": "0.33.0",
        "@material/typography": "0.28.0"
      }
    },
    "@material/icon-toggle": {
      "version": "0.33.0",
      "resolved": "http://registry.npm.taobao.org/@material/icon-toggle/download/@material/icon-toggle-0.33.0.tgz",
      "integrity": "sha1-uxQBuvyWLg1XvFPNrZMJ1flhoR0=",
      "requires": {
        "@material/animation": "0.25.0",
        "@material/base": "0.29.0",
        "@material/ripple": "0.33.0",
        "@material/theme": "0.33.0"
      }
    },
    "@material/image-list": {
      "version": "0.33.0",
      "resolved": "http://registry.npm.taobao.org/@material/image-list/download/@material/image-list-0.33.0.tgz",
      "integrity": "sha1-61m2tC6gz2AP/WzOeU+bjQcrL4M=",
      "requires": {
        "@material/theme": "0.33.0",
        "@material/typography": "0.28.0"
      }
    },
    "@material/layout-grid": {
      "version": "0.24.0",
      "resolved": "http://registry.npm.taobao.org/@material/layout-grid/download/@material/layout-grid-0.24.0.tgz",
      "integrity": "sha1-Ij13HXVdiHgHmY2W9ZluGCzrZA0="
    },
    "@material/line-ripple": {
      "version": "0.33.0",
      "resolved": "http://registry.npm.taobao.org/@material/line-ripple/download/@material/line-ripple-0.33.0.tgz",
      "integrity": "sha1-37ll9qAyB901l4v+eprcLKUPWMM=",
      "requires": {
        "@material/animation": "0.25.0",
        "@material/base": "0.29.0",
        "@material/theme": "0.33.0"
      }
    },
    "@material/linear-progress": {
      "version": "0.33.0",
      "resolved": "http://registry.npm.taobao.org/@material/linear-progress/download/@material/linear-progress-0.33.0.tgz",
      "integrity": "sha1-M9/dHJnO5iUw81o+l47uoBqIK9Q=",
      "requires": {
        "@material/animation": "0.25.0",
        "@material/base": "0.29.0",
        "@material/theme": "0.33.0"
      }
    },
    "@material/list": {
      "version": "0.33.0",
      "resolved": "http://registry.npm.taobao.org/@material/list/download/@material/list-0.33.0.tgz",
      "integrity": "sha1-Tl87i5Ec/ShNcXP762cE2Ql5CTs=",
      "requires": {
        "@material/ripple": "0.33.0",
        "@material/rtl": "0.33.0",
        "@material/theme": "0.33.0",
        "@material/typography": "0.28.0"
      }
    },
    "@material/menu": {
      "version": "0.33.0",
      "resolved": "http://registry.npm.taobao.org/@material/menu/download/@material/menu-0.33.0.tgz",
      "integrity": "sha1-TdoIhx8UFP6HXtpJ2A/2YSRzI1U=",
      "requires": {
        "@material/animation": "0.25.0",
        "@material/base": "0.29.0",
        "@material/elevation": "0.28.0",
        "@material/theme": "0.33.0",
        "@material/typography": "0.28.0"
      }
    },
    "@material/notched-outline": {
      "version": "0.33.0",
      "resolved": "http://registry.npm.taobao.org/@material/notched-outline/download/@material/notched-outline-0.33.0.tgz",
      "integrity": "sha1-l6JAs//pbH8DtIOnMSeySbDriy4=",
      "requires": {
        "@material/animation": "0.25.0",
        "@material/base": "0.29.0",
        "@material/theme": "0.33.0"
      }
    },
    "@material/radio": {
      "version": "0.33.0",
      "resolved": "http://registry.npm.taobao.org/@material/radio/download/@material/radio-0.33.0.tgz",
      "integrity": "sha1-kkR33QVBwswk7wR5x6i5TVcsbbY=",
      "requires": {
        "@material/animation": "0.25.0",
        "@material/base": "0.29.0",
        "@material/ripple": "0.33.0",
        "@material/selection-control": "0.33.0",
        "@material/theme": "0.33.0"
      }
    },
    "@material/ripple": {
      "version": "0.33.0",
      "resolved": "http://registry.npm.taobao.org/@material/ripple/download/@material/ripple-0.33.0.tgz",
      "integrity": "sha1-6UQH1KH/I1nNBkSyIfCd4W0xzVA=",
      "requires": {
        "@material/base": "0.29.0",
        "@material/theme": "0.33.0"
      }
    },
    "@material/rtl": {
      "version": "0.33.0",
      "resolved": "http://registry.npm.taobao.org/@material/rtl/download/@material/rtl-0.33.0.tgz",
      "integrity": "sha1-SuA0qp3jBWxzhDrGxQtLk+52aao="
    },
    "@material/select": {
      "version": "0.33.0",
      "resolved": "http://registry.npm.taobao.org/@material/select/download/@material/select-0.33.0.tgz",
      "integrity": "sha1-v5by3tXQb50hEL2E0M6qbAoVQ/k=",
      "requires": {
        "@material/animation": "0.25.0",
        "@material/base": "0.29.0",
        "@material/list": "0.33.0",
        "@material/menu": "0.33.0",
        "@material/ripple": "0.33.0",
        "@material/rtl": "0.33.0",
        "@material/theme": "0.33.0",
        "@material/typography": "0.28.0"
      }
    },
    "@material/selection-control": {
      "version": "0.33.0",
      "resolved": "http://registry.npm.taobao.org/@material/selection-control/download/@material/selection-control-0.33.0.tgz",
      "integrity": "sha1-BwdRw5F8aH4tbLsnInvr7yHWNz8=",
      "requires": {
        "@material/ripple": "0.33.0"
      }
    },
    "@material/slider": {
      "version": "0.33.0",
      "resolved": "http://registry.npm.taobao.org/@material/slider/download/@material/slider-0.33.0.tgz",
      "integrity": "sha1-PYoGF1jamuF7Owv7wT5Cm/CuLbU=",
      "requires": {
        "@material/animation": "0.25.0",
        "@material/base": "0.29.0",
        "@material/rtl": "0.33.0",
        "@material/theme": "0.33.0"
      }
    },
    "@material/snackbar": {
      "version": "0.33.0",
      "resolved": "http://registry.npm.taobao.org/@material/snackbar/download/@material/snackbar-0.33.0.tgz",
      "integrity": "sha1-2rcVBPUFfilyu3yLaY5m9aBxJ/E=",
      "requires": {
        "@material/animation": "0.25.0",
        "@material/base": "0.29.0",
        "@material/rtl": "0.33.0",
        "@material/theme": "0.33.0",
        "@material/typography": "0.28.0"
      }
    },
    "@material/switch": {
      "version": "0.33.0",
      "resolved": "http://registry.npm.taobao.org/@material/switch/download/@material/switch-0.33.0.tgz",
      "integrity": "sha1-0JTCvJE3vFpatTqMwEReEF3Il7w=",
      "requires": {
        "@material/animation": "0.25.0",
        "@material/elevation": "0.28.0",
        "@material/theme": "0.33.0"
      }
    },
    "@material/tabs": {
      "version": "0.33.0",
      "resolved": "http://registry.npm.taobao.org/@material/tabs/download/@material/tabs-0.33.0.tgz",
      "integrity": "sha1-daR4eDRjOyJMyxw7kLRTCy7uRJw=",
      "requires": {
        "@material/animation": "0.25.0",
        "@material/base": "0.29.0",
        "@material/ripple": "0.33.0",
        "@material/rtl": "0.33.0",
        "@material/theme": "0.33.0",
        "@material/typography": "0.28.0"
      }
    },
    "@material/textfield": {
      "version": "0.33.0",
      "resolved": "http://registry.npm.taobao.org/@material/textfield/download/@material/textfield-0.33.0.tgz",
      "integrity": "sha1-UnTXbfzV5zJ4h223aqI8keUUe9k=",
      "requires": {
        "@material/animation": "0.25.0",
        "@material/base": "0.29.0",
        "@material/floating-label": "0.33.0",
        "@material/line-ripple": "0.33.0",
        "@material/notched-outline": "0.33.0",
        "@material/ripple": "0.33.0",
        "@material/rtl": "0.33.0",
        "@material/theme": "0.33.0",
        "@material/typography": "0.28.0"
      }
    },
    "@material/theme": {
      "version": "0.33.0",
      "resolved": "http://registry.npm.taobao.org/@material/theme/download/@material/theme-0.33.0.tgz",
      "integrity": "sha1-jUxTdPxgdkjEa86+QBg/80Xi4Cc="
    },
    "@material/toolbar": {
      "version": "0.33.0",
      "resolved": "http://registry.npm.taobao.org/@material/toolbar/download/@material/toolbar-0.33.0.tgz",
      "integrity": "sha1-m02XFmYWa+QHrUoRq0IxqUQEfJI=",
      "requires": {
        "@material/base": "0.29.0",
        "@material/elevation": "0.28.0",
        "@material/ripple": "0.33.0",
        "@material/rtl": "0.33.0",
        "@material/theme": "0.33.0",
        "@material/typography": "0.28.0"
      }
    },
    "@material/top-app-bar": {
      "version": "0.33.0",
      "resolved": "http://registry.npm.taobao.org/@material/top-app-bar/download/@material/top-app-bar-0.33.0.tgz",
      "integrity": "sha1-Eq7o3OQE85wQWKkbyaK9leHRkJc=",
      "requires": {
        "@material/animation": "0.25.0",
        "@material/base": "0.29.0",
        "@material/elevation": "0.28.0",
        "@material/ripple": "0.33.0",
        "@material/rtl": "0.33.0",
        "@material/theme": "0.33.0",
        "@material/typography": "0.28.0"
      }
    },
    "@material/typography": {
      "version": "0.28.0",
      "resolved": "http://registry.npm.taobao.org/@material/typography/download/@material/typography-0.28.0.tgz",
      "integrity": "sha1-SulqhS/NMk1htkmtyZUybEMfyuo="
    },
    "focus-trap": {
      "version": "2.4.3",
      "resolved": "http://registry.npm.taobao.org/focus-trap/download/focus-trap-2.4.3.tgz",
      "integrity": "sha1-le3CPneCm3dyyySG1h/WNxzhEvk=",
      "requires": {
        "tabbable": "1.1.2"
      }
    },
    "material-components-web": {
      "version": "0.33.0",
      "resolved": "http://registry.npm.taobao.org/material-components-web/download/material-components-web-0.33.0.tgz",
      "integrity": "sha1-AtSMUkB2S8w6JK6FUhe/QreygdA=",
      "requires": {
        "@material/animation": "0.25.0",
        "@material/auto-init": "0.32.0",
        "@material/base": "0.29.0",
        "@material/button": "0.33.0",
        "@material/card": "0.33.0",
        "@material/checkbox": "0.33.0",
        "@material/chips": "0.33.0",
        "@material/dialog": "0.33.0",
        "@material/drawer": "0.33.0",
        "@material/elevation": "0.28.0",
        "@material/fab": "0.33.0",
        "@material/floating-label": "0.33.0",
        "@material/form-field": "0.33.0",
        "@material/grid-list": "0.33.0",
        "@material/icon-toggle": "0.33.0",
        "@material/image-list": "0.33.0",
        "@material/layout-grid": "0.24.0",
        "@material/line-ripple": "0.33.0",
        "@material/linear-progress": "0.33.0",
        "@material/list": "0.33.0",
        "@material/menu": "0.33.0",
        "@material/notched-outline": "0.33.0",
        "@material/radio": "0.33.0",
        "@material/ripple": "0.33.0",
        "@material/rtl": "0.33.0",
        "@material/select": "0.33.0",
        "@material/selection-control": "0.33.0",
        "@material/slider": "0.33.0",
        "@material/snackbar": "0.33.0",
        "@material/switch": "0.33.0",
        "@material/tabs": "0.33.0",
        "@material/textfield": "0.33.0",
        "@material/theme": "0.33.0",
        "@material/toolbar": "0.33.0",
        "@material/top-app-bar": "0.33.0",
        "@material/typography": "0.28.0"
      }
    },
    "tabbable": {
      "version": "1.1.2",
      "resolved": "http://registry.npm.taobao.org/tabbable/download/tabbable-1.1.2.tgz",
      "integrity": "sha1-sXFoCupuCj6Sgf8jUy4uXeEcDZQ="
    }
  }
}
